
Microsoft Visual Studio Solution File, Format Version 12.00
# Visual Studio 15
VisualStudioVersion = 15.0.26124.0
MinimumVisualStudioVersion = 15.0.26124.0
Project("{FAE04EC0-301F-11D3-BF4B-00C04F79EFBC}") = "WeddingSite.Web", "src\WeddingSite.Web\WeddingSite.Web.csproj", "{4637D2E6-9A1B-493F-953B-C4E2102ED7DA}"
EndProject
Project("{2150E333-8FDC-42A3-9474-1A3956D46DE8}") = "src", "src", "{0B26CCB1-2CA2-4786-BFDC-29E889BFDA82}"
EndProject
Project("{FAE04EC0-301F-11D3-BF4B-00C04F79EFBC}") = "WeddingSite.Core", "src\WeddingSite.Core\WeddingSite.Core.csproj", "{35461B4A-9DC2-44C1-AB52-522C00786FCD}"
EndProject
Global
	GlobalSection(SolutionConfigurationPlatforms) = preSolution
		Debug|Any CPU = Debug|Any CPU
		Debug|x64 = Debug|x64
		Debug|x86 = Debug|x86
		Release|Any CPU = Release|Any CPU
		Release|x64 = Release|x64
		Release|x86 = Release|x86
	EndGlobalSection
	GlobalSection(SolutionProperties) = preSolution
		HideSolutionNode = FALSE
	EndGlobalSection
	GlobalSection(ProjectConfigurationPlatforms) = postSolution
		{4637D2E6-9A1B-493F-953B-C4E2102ED7DA}.Debug|Any CPU.ActiveCfg = Debug|Any CPU
		{4637D2E6-9A1B-493F-953B-C4E2102ED7DA}.Debug|Any CPU.Build.0 = Debug|Any CPU
		{4637D2E6-9A1B-493F-953B-C4E2102ED7DA}.Debug|x64.ActiveCfg = Debug|Any CPU
		{4637D2E6-9A1B-493F-953B-C4E2102ED7DA}.Debug|x64.Build.0 = Debug|Any CPU
		{4637D2E6-9A1B-493F-953B-C4E2102ED7DA}.Debug|x86.ActiveCfg = Debug|Any CPU
		{4637D2E6-9A1B-493F-953B-C4E2102ED7DA}.Debug|x86.Build.0 = Debug|Any CPU
		{4637D2E6-9A1B-493F-953B-C4E2102ED7DA}.Release|Any CPU.ActiveCfg = Release|Any CPU
		{4637D2E6-9A1B-493F-953B-C4E2102ED7DA}.Release|Any CPU.Build.0 = Release|Any CPU
		{4637D2E6-9A1B-493F-953B-C4E2102ED7DA}.Release|x64.ActiveCfg = Release|Any CPU
		{4637D2E6-9A1B-493F-953B-C4E2102ED7DA}.Release|x64.Build.0 = Release|Any CPU
		{4637D2E6-9A1B-493F-953B-C4E2102ED7DA}.Release|x86.ActiveCfg = Release|Any CPU
		{4637D2E6-9A1B-493F-953B-C4E2102ED7DA}.Release|x86.Build.0 = Release|Any CPU
		{35461B4A-9DC2-44C1-AB52-522C00786FCD}.Debug|Any CPU.ActiveCfg = Debug|Any CPU
		{35461B4A-9DC2-44C1-AB52-522C00786FCD}.Debug|Any CPU.Build.0 = Debug|Any CPU
		{35461B4A-9DC2-44C1-AB52-522C00786FCD}.Debug|x64.ActiveCfg = Debug|Any CPU
		{35461B4A-9DC2-44C1-AB52-522C00786FCD}.Debug|x64.Build.0 = Debug|Any CPU
		{35461B4A-9DC2-44C1-AB52-522C00786FCD}.Debug|x86.ActiveCfg = Debug|Any CPU
		{35461B4A-9DC2-44C1-AB52-522C00786FCD}.Debug|x86.Build.0 = Debug|Any CPU
		{35461B4A-9DC2-44C1-AB52-522C00786FCD}.Release|Any CPU.ActiveCfg = Release|Any CPU
		{35461B4A-9DC2-44C1-AB52-522C00786FCD}.Release|Any CPU.Build.0 = Release|Any CPU
		{35461B4A-9DC2-44C1-AB52-522C00786FCD}.Release|x64.ActiveCfg = Release|Any CPU
		{35461B4A-9DC2-44C1-AB52-522C00786FCD}.Release|x64.Build.0 = Release|Any CPU
		{35461B4A-9DC2-44C1-AB52-522C00786FCD}.Release|x86.ActiveCfg = Release|Any CPU
		{35461B4A-9DC2-44C1-AB52-522C00786FCD}.Release|x86.Build.0 = Release|Any CPU
	EndGlobalSection
	GlobalSection(NestedProjects) = preSolution
		{35461B4A-9DC2-44C1-AB52-522C00786FCD} = {0B26CCB1-2CA2-4786-BFDC-29E889BFDA82}
	EndGlobalSection
EndGlobal
